
Microsoft Visual Studio Solution File, Format Version 12.00
# Visual Studio 15
VisualStudioVersion = 15.0.27130.2027
MinimumVisualStudioVersion = 10.0.40219.1
Project("{FAE04EC0-301F-11D3-BF4B-00C04F79EFBC}") = "DemoAbsolutLayout.Android", "DemoAbsolutLayout\DemoAbsolutLayout.Android\DemoAbsolutLayout.Android.csproj", "{9CB9859C-CA6A-476B-B929-9F22410B3F26}"
EndProject
Project("{FAE04EC0-301F-11D3-BF4B-00C04F79EFBC}") = "DemoAbsolutLayout.iOS", "DemoAbsolutLayout\DemoAbsolutLayout.iOS\DemoAbsolutLayout.iOS.csproj", "{81B2259C-520C-4261-B73F-7F01EC7F0152}"
EndProject
Project("{FAE04EC0-301F-11D3-BF4B-00C04F79EFBC}") = "DemoAbsolutLayout", "DemoAbsolutLayout\DemoAbsolutLayout\DemoAbsolutLayout.csproj", "{3CDC50F9-BD09-49A7-916A-F0702BC4C3CA}"
EndProject
Global
	GlobalSection(SolutionConfigurationPlatforms) = preSolution
		Ad-Hoc|Any CPU = Ad-Hoc|Any CPU
		Ad-Hoc|iPhone = Ad-Hoc|iPhone
		Ad-Hoc|iPhoneSimulator = Ad-Hoc|iPhoneSimulator
		AppStore|Any CPU = AppStore|Any CPU
		AppStore|iPhone = AppStore|iPhone
		AppStore|iPhoneSimulator = AppStore|iPhoneSimulator
		Debug|Any CPU = Debug|Any CPU
		Debug|iPhone = Debug|iPhone
		Debug|iPhoneSimulator = Debug|iPhoneSimulator
		Release|Any CPU = Release|Any CPU
		Release|iPhone = Release|iPhone
		Release|iPhoneSimulator = Release|iPhoneSimulator
	EndGlobalSection
	GlobalSection(ProjectConfigurationPlatforms) = postSolution
		{9CB9859C-CA6A-476B-B929-9F22410B3F26}.Ad-Hoc|Any CPU.ActiveCfg = Release|Any CPU
		{9CB9859C-CA6A-476B-B929-9F22410B3F26}.Ad-Hoc|Any CPU.Build.0 = Release|Any CPU
		{9CB9859C-CA6A-476B-B929-9F22410B3F26}.Ad-Hoc|Any CPU.Deploy.0 = Release|Any CPU
		{9CB9859C-CA6A-476B-B929-9F22410B3F26}.Ad-Hoc|iPhone.ActiveCfg = Release|Any CPU
		{9CB9859C-CA6A-476B-B929-9F22410B3F26}.Ad-Hoc|iPhone.Build.0 = Release|Any CPU
		{9CB9859C-CA6A-476B-B929-9F22410B3F26}.Ad-Hoc|iPhone.Deploy.0 = Release|Any CPU
		{9CB9859C-CA6A-476B-B929-9F22410B3F26}.Ad-Hoc|iPhoneSimulator.ActiveCfg = Release|Any CPU
		{9CB9859C-CA6A-476B-B929-9F22410B3F26}.Ad-Hoc|iPhoneSimulator.Build.0 = Release|Any CPU
		{9CB9859C-CA6A-476B-B929-9F22410B3F26}.Ad-Hoc|iPhoneSimulator.Deploy.0 = Release|Any CPU
		{9CB9859C-CA6A-476B-B929-9F22410B3F26}.AppStore|Any CPU.ActiveCfg = Release|Any CPU
		{9CB9859C-CA6A-476B-B929-9F22410B3F26}.AppStore|Any CPU.Build.0 = Release|Any CPU
		{9CB9859C-CA6A-476B-B929-9F22410B3F26}.AppStore|Any CPU.Deploy.0 = Release|Any CPU
		{9CB9859C-CA6A-476B-B929-9F22410B3F26}.AppStore|iPhone.ActiveCfg = Release|Any CPU
		{9CB9859C-CA6A-476B-B929-9F22410B3F26}.AppStore|iPhone.Build.0 = Release|Any CPU
		{9CB9859C-CA6A-476B-B929-9F22410B3F26}.AppStore|iPhone.Deploy.0 = Release|Any CPU
		{9CB9859C-CA6A-476B-B929-9F22410B3F26}.AppStore|iPhoneSimulator.ActiveCfg = Release|Any CPU
		{9CB9859C-CA6A-476B-B929-9F22410B3F26}.AppStore|iPhoneSimulator.Build.0 = Release|Any CPU
		{9CB9859C-CA6A-476B-B929-9F22410B3F26}.AppStore|iPhoneSimulator.Deploy.0 = Release|Any CPU
		{9CB9859C-CA6A-476B-B929-9F22410B3F26}.Debug|Any CPU.ActiveCfg = Debug|Any CPU
		{9CB9859C-CA6A-476B-B929-9F22410B3F26}.Debug|Any CPU.Build.0 = Debug|Any CPU
		{9CB9859C-CA6A-476B-B929-9F22410B3F26}.Debug|Any CPU.Deploy.0 = Debug|Any CPU
		{9CB9859C-CA6A-476B-B929-9F22410B3F26}.Debug|iPhone.ActiveCfg = Debug|Any CPU
		{9CB9859C-CA6A-476B-B929-9F22410B3F26}.Debug|iPhone.Build.0 = Debug|Any CPU
		{9CB9859C-CA6A-476B-B929-9F22410B3F26}.Debug|iPhone.Deploy.0 = Debug|Any CPU
		{9CB9859C-CA6A-476B-B929-9F22410B3F26}.Debug|iPhoneSimulator.ActiveCfg = Debug|Any CPU
		{9CB9859C-CA6A-476B-B929-9F22410B3F26}.Debug|iPhoneSimulator.Build.0 = Debug|Any CPU
		{9CB9859C-CA6A-476B-B929-9F22410B3F26}.Debug|iPhoneSimulator.Deploy.0 = Debug|Any CPU
		{9CB9859C-CA6A-476B-B929-9F22410B3F26}.Release|Any CPU.ActiveCfg = Release|Any CPU
		{9CB9859C-CA6A-476B-B929-9F22410B3F26}.Release|Any CPU.Build.0 = Release|Any CPU
		{9CB9859C-CA6A-476B-B929-9F22410B3F26}.Release|Any CPU.Deploy.0 = Release|Any CPU
		{9CB9859C-CA6A-476B-B929-9F22410B3F26}.Release|iPhone.ActiveCfg = Release|Any CPU
		{9CB9859C-CA6A-476B-B929-9F22410B3F26}.Release|iPhone.Build.0 = Release|Any CPU
		{9CB9859C-CA6A-476B-B929-9F22410B3F26}.Release|iPhone.Deploy.0 = Release|Any CPU
		{9CB9859C-CA6A-476B-B929-9F22410B3F26}.Release|iPhoneSimulator.ActiveCfg = Release|Any CPU
		{9CB9859C-CA6A-476B-B929-9F22410B3F26}.Release|iPhoneSimulator.Build.0 = Release|Any CPU
		{9CB9859C-CA6A-476B-B929-9F22410B3F26}.Release|iPhoneSimulator.Deploy.0 = Release|Any CPU
		{81B2259C-520C-4261-B73F-7F01EC7F0152}.Ad-Hoc|Any CPU.ActiveCfg = Ad-Hoc|iPhone
		{81B2259C-520C-4261-B73F-7F01EC7F0152}.Ad-Hoc|iPhone.ActiveCfg = Ad-Hoc|iPhone
		{81B2259C-520C-4261-B73F-7F01EC7F0152}.Ad-Hoc|iPhone.Build.0 = Ad-Hoc|iPhone
		{81B2259C-520C-4261-B73F-7F01EC7F0152}.Ad-Hoc|iPhoneSimulator.ActiveCfg = Ad-Hoc|iPhoneSimulator
		{81B2259C-520C-4261-B73F-7F01EC7F0152}.Ad-Hoc|iPhoneSimulator.Build.0 = Ad-Hoc|iPhoneSimulator
		{81B2259C-520C-4261-B73F-7F01EC7F0152}.AppStore|Any CPU.ActiveCfg = AppStore|iPhone
		{81B2259C-520C-4261-B73F-7F01EC7F0152}.AppStore|iPhone.ActiveCfg = AppStore|iPhone
		{81B2259C-520C-4261-B73F-7F01EC7F0152}.AppStore|iPhone.Build.0 = AppStore|iPhone
		{81B2259C-520C-4261-B73F-7F01EC7F0152}.AppStore|iPhoneSimulator.ActiveCfg = AppStore|iPhoneSimulator
		{81B2259C-520C-4261-B73F-7F01EC7F0152}.AppStore|iPhoneSimulator.Build.0 = AppStore|iPhoneSimulator
		{81B2259C-520C-4261-B73F-7F01EC7F0152}.Debug|Any CPU.ActiveCfg = Debug|iPhone
		{81B2259C-520C-4261-B73F-7F01EC7F0152}.Debug|iPhone.ActiveCfg = Debug|iPhone
		{81B2259C-520C-4261-B73F-7F01EC7F0152}.Debug|iPhone.Build.0 = Debug|iPhone
		{81B2259C-520C-4261-B73F-7F01EC7F0152}.Debug|iPhoneSimulator.ActiveCfg = Debug|iPhoneSimulator
		{81B2259C-520C-4261-B73F-7F01EC7F0152}.Debug|iPhoneSimulator.Build.0 = Debug|iPhoneSimulator
		{81B2259C-520C-4261-B73F-7F01EC7F0152}.Release|Any CPU.ActiveCfg = Release|iPhone
		{81B2259C-520C-4261-B73F-7F01EC7F0152}.Release|iPhone.ActiveCfg = Release|iPhone
		{81B2259C-520C-4261-B73F-7F01EC7F0152}.Release|iPhone.Build.0 = Release|iPhone
		{81B2259C-520C-4261-B73F-7F01EC7F0152}.Release|iPhoneSimulator.ActiveCfg = Release|iPhoneSimulator
		{81B2259C-520C-4261-B73F-7F01EC7F0152}.Release|iPhoneSimulator.Build.0 = Release|iPhoneSimulator
		{3CDC50F9-BD09-49A7-916A-F0702BC4C3CA}.Ad-Hoc|Any CPU.ActiveCfg = Debug|Any CPU
		{3CDC50F9-BD09-49A7-916A-F0702BC4C3CA}.Ad-Hoc|Any CPU.Build.0 = Debug|Any CPU
		{3CDC50F9-BD09-49A7-916A-F0702BC4C3CA}.Ad-Hoc|iPhone.ActiveCfg = Debug|Any CPU
		{3CDC50F9-BD09-49A7-916A-F0702BC4C3CA}.Ad-Hoc|iPhone.Build.0 = Debug|Any CPU
		{3CDC50F9-BD09-49A7-916A-F0702BC4C3CA}.Ad-Hoc|iPhoneSimulator.ActiveCfg = Debug|Any CPU
		{3CDC50F9-BD09-49A7-916A-F0702BC4C3CA}.Ad-Hoc|iPhoneSimulator.Build.0 = Debug|Any CPU
		{3CDC50F9-BD09-49A7-916A-F0702BC4C3CA}.AppStore|Any CPU.ActiveCfg = Debug|Any CPU
		{3CDC50F9-BD09-49A7-916A-F0702BC4C3CA}.AppStore|Any CPU.Build.0 = Debug|Any CPU
		{3CDC50F9-BD09-49A7-916A-F0702BC4C3CA}.AppStore|iPhone.ActiveCfg = Debug|Any CPU
		{3CDC50F9-BD09-49A7-916A-F0702BC4C3CA}.AppStore|iPhone.Build.0 = Debug|Any CPU
		{3CDC50F9-BD09-49A7-916A-F0702BC4C3CA}.AppStore|iPhoneSimulator.ActiveCfg = Debug|Any CPU
		{3CDC50F9-BD09-49A7-916A-F0702BC4C3CA}.AppStore|iPhoneSimulator.Build.0 = Debug|Any CPU
		{3CDC50F9-BD09-49A7-916A-F0702BC4C3CA}.Debug|Any CPU.ActiveCfg = Debug|Any CPU
		{3CDC50F9-BD09-49A7-916A-F0702BC4C3CA}.Debug|Any CPU.Build.0 = Debug|Any CPU
		{3CDC50F9-BD09-49A7-916A-F0702BC4C3CA}.Debug|iPhone.ActiveCfg = Debug|Any CPU
		{3CDC50F9-BD09-49A7-916A-F0702BC4C3CA}.Debug|iPhone.Build.0 = Debug|Any CPU
		{3CDC50F9-BD09-49A7-916A-F0702BC4C3CA}.Debug|iPhoneSimulator.ActiveCfg = Debug|Any CPU
		{3CDC50F9-BD09-49A7-916A-F0702BC4C3CA}.Debug|iPhoneSimulator.Build.0 = Debug|Any CPU
		{3CDC50F9-BD09-49A7-916A-F0702BC4C3CA}.Release|Any CPU.ActiveCfg = Release|Any CPU
		{3CDC50F9-BD09-49A7-916A-F0702BC4C3CA}.Release|Any CPU.Build.0 = Release|Any CPU
		{3CDC50F9-BD09-49A7-916A-F0702BC4C3CA}.Release|iPhone.ActiveCfg = Release|Any CPU
		{3CDC50F9-BD09-49A7-916A-F0702BC4C3CA}.Release|iPhone.Build.0 = Release|Any CPU
		{3CDC50F9-BD09-49A7-916A-F0702BC4C3CA}.Release|iPhoneSimulator.ActiveCfg = Release|Any CPU
		{3CDC50F9-BD09-49A7-916A-F0702BC4C3CA}.Release|iPhoneSimulator.Build.0 = Release|Any CPU
	EndGlobalSection
	GlobalSection(SolutionProperties) = preSolution
		HideSolutionNode = FALSE
	EndGlobalSection
	GlobalSection(ExtensibilityGlobals) = postSolution
		SolutionGuid = {8EE68543-2ED7-4E4B-BAB8-F2C85CB3E568}
	EndGlobalSection
EndGlobal
